// !$*UTF8*$!
{
	archiveVersion = 1;
	classes = {
	};
	objectVersion = 52;
	objects = {

/* Begin PBXBuildFile section */
		B90F88162825051D00818CF7 /* AppDelegate.swift in Sources */ = {isa = PBXBuildFile; fileRef = B90F88152825051D00818CF7 /* AppDelegate.swift */; };
		B90F88182825051D00818CF7 /* ViewController.swift in Sources */ = {isa = PBXBuildFile; fileRef = B90F88172825051D00818CF7 /* ViewController.swift */; };
		B90F881A2825051F00818CF7 /* Assets.xcassets in Resources */ = {isa = PBXBuildFile; fileRef = B90F88192825051F00818CF7 /* Assets.xcassets */; };
		B90F881D2825051F00818CF7 /* Main.storyboard in Resources */ = {isa = PBXBuildFile; fileRef = B90F881B2825051F00818CF7 /* Main.storyboard */; };
		B93E926026DEC57A0096A6B4 /* SmartNet in Frameworks */ = {isa = PBXBuildFile; productRef = B93E925F26DEC57A0096A6B4 /* SmartNet */; };
		B9A2316426A5B1820078E143 /* AppDelegate.swift in Sources */ = {isa = PBXBuildFile; fileRef = B9A2316326A5B1820078E143 /* AppDelegate.swift */; };
		B9A2316626A5B1820078E143 /* SceneDelegate.swift in Sources */ = {isa = PBXBuildFile; fileRef = B9A2316526A5B1820078E143 /* SceneDelegate.swift */; };
		B9A2316826A5B1820078E143 /* ContentView.swift in Sources */ = {isa = PBXBuildFile; fileRef = B9A2316726A5B1820078E143 /* ContentView.swift */; };
		B9A2316A26A5B1830078E143 /* Assets.xcassets in Resources */ = {isa = PBXBuildFile; fileRef = B9A2316926A5B1830078E143 /* Assets.xcassets */; };
		B9A2316D26A5B1830078E143 /* Preview Assets.xcassets in Resources */ = {isa = PBXBuildFile; fileRef = B9A2316C26A5B1830078E143 /* Preview Assets.xcassets */; };
		B9A2317026A5B1830078E143 /* LaunchScreen.storyboard in Resources */ = {isa = PBXBuildFile; fileRef = B9A2316E26A5B1830078E143 /* LaunchScreen.storyboard */; };
/* End PBXBuildFile section */

/* Begin PBXFileReference section */
		B90F88132825051D00818CF7 /* SmartNetDemoMacOs.app */ = {isa = PBXFileReference; explicitFileType = wrapper.application; includeInIndex = 0; path = SmartNetDemoMacOs.app; sourceTree = BUILT_PRODUCTS_DIR; };
		B90F88152825051D00818CF7 /* AppDelegate.swift */ = {isa = PBXFileReference; lastKnownFileType = sourcecode.swift; path = AppDelegate.swift; sourceTree = "<group>"; };
		B90F88172825051D00818CF7 /* ViewController.swift */ = {isa = PBXFileReference; lastKnownFileType = sourcecode.swift; path = ViewController.swift; sourceTree = "<group>"; };
		B90F88192825051F00818CF7 /* Assets.xcassets */ = {isa = PBXFileReference; lastKnownFileType = folder.assetcatalog; path = Assets.xcassets; sourceTree = "<group>"; };
		B90F881C2825051F00818CF7 /* Base */ = {isa = PBXFileReference; lastKnownFileType = file.storyboard; name = Base; path = Base.lproj/Main.storyboard; sourceTree = "<group>"; };
		B90F881E2825051F00818CF7 /* SmartNetDemoMacOs.entitlements */ = {isa = PBXFileReference; lastKnownFileType = text.plist.entitlements; path = SmartNetDemoMacOs.entitlements; sourceTree = "<group>"; };
		B921C65F26B57BD30058D5DC /* SmartNet.framework */ = {isa = PBXFileReference; explicitFileType = wrapper.framework; path = SmartNet.framework; sourceTree = BUILT_PRODUCTS_DIR; };
		B925AA5426A61EC7006312D5 /* EasyNetworking.framework */ = {isa = PBXFileReference; explicitFileType = wrapper.framework; path = EasyNetworking.framework; sourceTree = BUILT_PRODUCTS_DIR; };
		B9A2316026A5B1820078E143 /* SmartNetDemo.app */ = {isa = PBXFileReference; explicitFileType = wrapper.application; includeInIndex = 0; path = SmartNetDemo.app; sourceTree = BUILT_PRODUCTS_DIR; };
		B9A2316326A5B1820078E143 /* AppDelegate.swift */ = {isa = PBXFileReference; lastKnownFileType = sourcecode.swift; path = AppDelegate.swift; sourceTree = "<group>"; };
		B9A2316526A5B1820078E143 /* SceneDelegate.swift */ = {isa = PBXFileReference; lastKnownFileType = sourcecode.swift; path = SceneDelegate.swift; sourceTree = "<group>"; };
		B9A2316726A5B1820078E143 /* ContentView.swift */ = {isa = PBXFileReference; lastKnownFileType = sourcecode.swift; path = ContentView.swift; sourceTree = "<group>"; };
		B9A2316926A5B1830078E143 /* Assets.xcassets */ = {isa = PBXFileReference; lastKnownFileType = folder.assetcatalog; path = Assets.xcassets; sourceTree = "<group>"; };
		B9A2316C26A5B1830078E143 /* Preview Assets.xcassets */ = {isa = PBXFileReference; lastKnownFileType = folder.assetcatalog; path = "Preview Assets.xcassets"; sourceTree = "<group>"; };
		B9A2316F26A5B1830078E143 /* Base */ = {isa = PBXFileReference; lastKnownFileType = file.storyboard; name = Base; path = Base.lproj/LaunchScreen.storyboard; sourceTree = "<group>"; };
		B9A2317126A5B1830078E143 /* Info.plist */ = {isa = PBXFileReference; lastKnownFileType = text.plist.xml; path = Info.plist; sourceTree = "<group>"; };
/* End PBXFileReference section */

/* Begin PBXFrameworksBuildPhase section */
		B90F88102825051D00818CF7 /* Frameworks */ = {
			isa = PBXFrameworksBuildPhase;
			buildActionMask = 2147483647;
			files = (
			);
			runOnlyForDeploymentPostprocessing = 0;
		};
		B9A2315D26A5B1820078E143 /* Frameworks */ = {
			isa = PBXFrameworksBuildPhase;
			buildActionMask = 2147483647;
			files = (
				B93E926026DEC57A0096A6B4 /* SmartNet in Frameworks */,
			);
			runOnlyForDeploymentPostprocessing = 0;
		};
/* End PBXFrameworksBuildPhase section */

/* Begin PBXGroup section */
		B90F88142825051D00818CF7 /* SmartNetDemoMacOs */ = {
			isa = PBXGroup;
			children = (
				B90F88152825051D00818CF7 /* AppDelegate.swift */,
				B90F88172825051D00818CF7 /* ViewController.swift */,
				B90F88192825051F00818CF7 /* Assets.xcassets */,
				B90F881B2825051F00818CF7 /* Main.storyboard */,
				B90F881E2825051F00818CF7 /* SmartNetDemoMacOs.entitlements */,
			);
			path = SmartNetDemoMacOs;
			sourceTree = "<group>";
		};
		B925AA5326A61EC7006312D5 /* Frameworks */ = {
			isa = PBXGroup;
			children = (
				B921C65F26B57BD30058D5DC /* SmartNet.framework */,
				B925AA5426A61EC7006312D5 /* EasyNetworking.framework */,
			);
			name = Frameworks;
			sourceTree = "<group>";
		};
		B9A2315726A5B1820078E143 = {
			isa = PBXGroup;
			children = (
				B9A2316226A5B1820078E143 /* SmartNetDemo */,
				B90F88142825051D00818CF7 /* SmartNetDemoMacOs */,
				B9A2316126A5B1820078E143 /* Products */,
				B925AA5326A61EC7006312D5 /* Frameworks */,
			);
			sourceTree = "<group>";
		};
		B9A2316126A5B1820078E143 /* Products */ = {
			isa = PBXGroup;
			children = (
				B9A2316026A5B1820078E143 /* SmartNetDemo.app */,
				B90F88132825051D00818CF7 /* SmartNetDemoMacOs.app */,
			);
			name = Products;
			sourceTree = "<group>";
		};
		B9A2316226A5B1820078E143 /* SmartNetDemo */ = {
			isa = PBXGroup;
			children = (
				B9A2316326A5B1820078E143 /* AppDelegate.swift */,
				B9A2316526A5B1820078E143 /* SceneDelegate.swift */,
				B9A2316726A5B1820078E143 /* ContentView.swift */,
				B9A2316926A5B1830078E143 /* Assets.xcassets */,
				B9A2316E26A5B1830078E143 /* LaunchScreen.storyboard */,
				B9A2317126A5B1830078E143 /* Info.plist */,
				B9A2316B26A5B1830078E143 /* Preview Content */,
			);
			path = SmartNetDemo;
			sourceTree = "<group>";
		};
		B9A2316B26A5B1830078E143 /* Preview Content */ = {
			isa = PBXGroup;
			children = (
				B9A2316C26A5B1830078E143 /* Preview Assets.xcassets */,
			);
			path = "Preview Content";
			sourceTree = "<group>";
		};
/* End PBXGroup section */

/* Begin PBXNativeTarget section */
		B90F88122825051D00818CF7 /* SmartNetDemoMacOs */ = {
			isa = PBXNativeTarget;
			buildConfigurationList = B90F88212825051F00818CF7 /* Build configuration list for PBXNativeTarget "SmartNetDemoMacOs" */;
			buildPhases = (
				B90F880F2825051D00818CF7 /* Sources */,
				B90F88102825051D00818CF7 /* Frameworks */,
				B90F88112825051D00818CF7 /* Resources */,
			);
			buildRules = (
			);
			dependencies = (
			);
			name = SmartNetDemoMacOs;
			productName = SmartNetDemoMacOs;
			productReference = B90F88132825051D00818CF7 /* SmartNetDemoMacOs.app */;
			productType = "com.apple.product-type.application";
		};
		B9A2315F26A5B1820078E143 /* SmartNetDemo */ = {
			isa = PBXNativeTarget;
			buildConfigurationList = B9A2317426A5B1830078E143 /* Build configuration list for PBXNativeTarget "SmartNetDemo" */;
			buildPhases = (
				B9A2315C26A5B1820078E143 /* Sources */,
				B9A2315D26A5B1820078E143 /* Frameworks */,
				B9A2315E26A5B1820078E143 /* Resources */,
			);
			buildRules = (
			);
			dependencies = (
			);
			name = SmartNetDemo;
			packageProductDependencies = (
				B93E925F26DEC57A0096A6B4 /* SmartNet */,
			);
			productName = SmartNetDemo;
			productReference = B9A2316026A5B1820078E143 /* SmartNetDemo.app */;
			productType = "com.apple.product-type.application";
		};
/* End PBXNativeTarget section */

/* Begin PBXProject section */
		B9A2315826A5B1820078E143 /* Project object */ = {
			isa = PBXProject;
			attributes = {
				LastSwiftUpdateCheck = 1330;
				LastUpgradeCheck = 1240;
				TargetAttributes = {
					B90F88122825051D00818CF7 = {
						CreatedOnToolsVersion = 13.3.1;
					};
					B9A2315F26A5B1820078E143 = {
						CreatedOnToolsVersion = 12.4;
					};
				};
			};
			buildConfigurationList = B9A2315B26A5B1820078E143 /* Build configuration list for PBXProject "SmartNetDemo" */;
			compatibilityVersion = "Xcode 9.3";
			developmentRegion = en;
			hasScannedForEncodings = 0;
			knownRegions = (
				en,
				Base,
			);
			mainGroup = B9A2315726A5B1820078E143;
			productRefGroup = B9A2316126A5B1820078E143 /* Products */;
			projectDirPath = "";
			projectRoot = "";
			targets = (
				B9A2315F26A5B1820078E143 /* SmartNetDemo */,
				B90F88122825051D00818CF7 /* SmartNetDemoMacOs */,
			);
		};
/* End PBXProject section */

/* Begin PBXResourcesBuildPhase section */
		B90F88112825051D00818CF7 /* Resources */ = {
			isa = PBXResourcesBuildPhase;
			buildActionMask = 2147483647;
			files = (
				B90F881A2825051F00818CF7 /* Assets.xcassets in Resources */,
				B90F881D2825051F00818CF7 /* Main.storyboard in Resources */,
			);
			runOnlyForDeploymentPostprocessing = 0;
		};
		B9A2315E26A5B1820078E143 /* Resources */ = {
			isa = PBXResourcesBuildPhase;
			buildActionMask = 2147483647;
			files = (
				B9A2317026A5B1830078E143 /* LaunchScreen.storyboard in Resources */,
				B9A2316D26A5B1830078E143 /* Preview Assets.xcassets in Resources */,
				B9A2316A26A5B1830078E143 /* Assets.xcassets in Resources */,
			);
			runOnlyForDeploymentPostprocessing = 0;
		};
/* End PBXResourcesBuildPhase section */

/* Begin PBXSourcesBuildPhase section */
		B90F880F2825051D00818CF7 /* Sources */ = {
			isa = PBXSourcesBuildPhase;
			buildActionMask = 2147483647;
			files = (
				B90F88182825051D00818CF7 /* ViewController.swift in Sources */,
				B90F88162825051D00818CF7 /* AppDelegate.swift in Sources */,
			);
			runOnlyForDeploymentPostprocessing = 0;
		};
		B9A2315C26A5B1820078E143 /* Sources */ = {
			isa = PBXSourcesBuildPhase;
			buildActionMask = 2147483647;
			files = (
				B9A2316426A5B1820078E143 /* AppDelegate.swift in Sources */,
				B9A2316626A5B1820078E143 /* SceneDelegate.swift in Sources */,
				B9A2316826A5B1820078E143 /* ContentView.swift in Sources */,
			);
			runOnlyForDeploymentPostprocessing = 0;
		};
/* End PBXSourcesBuildPhase section */

/* Begin PBXVariantGroup section */
		B90F881B2825051F00818CF7 /* Main.storyboard */ = {
			isa = PBXVariantGroup;
			children = (
				B90F881C2825051F00818CF7 /* Base */,
			);
			name = Main.storyboard;
			sourceTree = "<group>";
		};
		B9A2316E26A5B1830078E143 /* LaunchScreen.storyboard */ = {
			isa = PBXVariantGroup;
			children = (
				B9A2316F26A5B1830078E143 /* Base */,
			);
			name = LaunchScreen.storyboard;
			sourceTree = "<group>";
		};
/* End PBXVariantGroup section */

/* Begin XCBuildConfiguration section */
		B90F881F2825051F00818CF7 /* Debug */ = {
			isa = XCBuildConfiguration;
			buildSettings = {
				ASSETCATALOG_COMPILER_APPICON_NAME = AppIcon;
				ASSETCATALOG_COMPILER_GLOBAL_ACCENT_COLOR_NAME = AccentColor;
				CLANG_CXX_LANGUAGE_STANDARD = "gnu++17";
				CODE_SIGN_ENTITLEMENTS = SmartNetDemoMacOs/SmartNetDemoMacOs.entitlements;
				CODE_SIGN_STYLE = Automatic;
				COMBINE_HIDPI_IMAGES = YES;
				CURRENT_PROJECT_VERSION = 1;
				DEVELOPMENT_TEAM = E95734YKE3;
				ENABLE_HARDENED_RUNTIME = YES;
				GENERATE_INFOPLIST_FILE = YES;
				INFOPLIST_KEY_NSHumanReadableCopyright = "";
				INFOPLIST_KEY_NSMainStoryboardFile = Main;
				INFOPLIST_KEY_NSPrincipalClass = NSApplication;
				LD_RUNPATH_SEARCH_PATHS = (
					"$(inherited)",
					"@executable_path/../Frameworks",
				);
				MACOSX_DEPLOYMENT_TARGET = 10.15;
				MARKETING_VERSION = 1.0;
				PRODUCT_BUNDLE_IDENTIFIER = valerio.SmartNetDemoMacOs;
				PRODUCT_NAME = "$(TARGET_NAME)";
				SDKROOT = macosx;
				SWIFT_EMIT_LOC_STRINGS = YES;
				SWIFT_VERSION = 5.0;
			};
			name = Debug;
		};
		B90F88202825051F00818CF7 /* Release */ = {
			isa = XCBuildConfiguration;
			buildSettings = {
				ASSETCATALOG_COMPILER_APPICON_NAME = AppIcon;
				ASSETCATALOG_COMPILER_GLOBAL_ACCENT_COLOR_NAME = AccentColor;
				CLANG_CXX_LANGUAGE_STANDARD = "gnu++17";
				CODE_SIGN_ENTITLEMENTS = SmartNetDemoMacOs/SmartNetDemoMacOs.entitlements;
				CODE_SIGN_STYLE = Automatic;
				COMBINE_HIDPI_IMAGES = YES;
				CURRENT_PROJECT_VERSION = 1;
				DEVELOPMENT_TEAM = E95734YKE3;
				ENABLE_HARDENED_RUNTIME = YES;
				GENERATE_INFOPLIST_FILE = YES;
				INFOPLIST_KEY_NSHumanReadableCopyright = "";
				INFOPLIST_KEY_NSMainStoryboardFile = Main;
				INFOPLIST_KEY_NSPrincipalClass = NSApplication;
				LD_RUNPATH_SEARCH_PATHS = (
					"$(inherited)",
					"@executable_path/../Frameworks",
				);
				MACOSX_DEPLOYMENT_TARGET = 10.15;
				MARKETING_VERSION = 1.0;
				PRODUCT_BUNDLE_IDENTIFIER = valerio.SmartNetDemoMacOs;
				PRODUCT_NAME = "$(TARGET_NAME)";
				SDKROOT = macosx;
				SWIFT_EMIT_LOC_STRINGS = YES;
				SWIFT_VERSION = 5.0;
			};
			name = Release;
		};
		B9A2317226A5B1830078E143 /* Debug */ = {
			isa = XCBuildConfiguration;
			buildSettings = {
				ALWAYS_SEARCH_USER_PATHS = NO;
				CLANG_ANALYZER_NONNULL = YES;
				CLANG_ANALYZER_NUMBER_OBJECT_CONVERSION = YES_AGGRESSIVE;
				CLANG_CXX_LANGUAGE_STANDARD = "gnu++14";
				CLANG_CXX_LIBRARY = "libc++";
				CLANG_ENABLE_MODULES = YES;
				CLANG_ENABLE_OBJC_ARC = YES;
				CLANG_ENABLE_OBJC_WEAK = YES;
				CLANG_WARN_BLOCK_CAPTURE_AUTORELEASING = YES;
				CLANG_WARN_BOOL_CONVERSION = YES;
				CLANG_WARN_COMMA = YES;
				CLANG_WARN_CONSTANT_CONVERSION = YES;
				CLANG_WARN_DEPRECATED_OBJC_IMPLEMENTATIONS = YES;
				CLANG_WARN_DIRECT_OBJC_ISA_USAGE = YES_ERROR;
				CLANG_WARN_DOCUMENTATION_COMMENTS = YES;
				CLANG_WARN_EMPTY_BODY = YES;
				CLANG_WARN_ENUM_CONVERSION = YES;
				CLANG_WARN_INFINITE_RECURSION = YES;
				CLANG_WARN_INT_CONVERSION = YES;
				CLANG_WARN_NON_LITERAL_NULL_CONVERSION = YES;
				CLANG_WARN_OBJC_IMPLICIT_RETAIN_SELF = YES;
				CLANG_WARN_OBJC_LITERAL_CONVERSION = YES;
				CLANG_WARN_OBJC_ROOT_CLASS = YES_ERROR;
				CLANG_WARN_QUOTED_INCLUDE_IN_FRAMEWORK_HEADER = YES;
				CLANG_WARN_RANGE_LOOP_ANALYSIS = YES;
				CLANG_WARN_STRICT_PROTOTYPES = YES;
				CLANG_WARN_SUSPICIOUS_MOVE = YES;
				CLANG_WARN_UNGUARDED_AVAILABILITY = YES_AGGRESSIVE;
				CLANG_WARN_UNREACHABLE_CODE = YES;
				CLANG_WARN__DUPLICATE_METHOD_MATCH = YES;
				COPY_PHASE_STRIP = NO;
				DEBUG_INFORMATION_FORMAT = dwarf;
				ENABLE_STRICT_OBJC_MSGSEND = YES;
				ENABLE_TESTABILITY = YES;
				GCC_C_LANGUAGE_STANDARD = gnu11;
				GCC_DYNAMIC_NO_PIC = NO;
				GCC_NO_COMMON_BLOCKS = YES;
				GCC_OPTIMIZATION_LEVEL = 0;
				GCC_PREPROCESSOR_DEFINITIONS = (
					"DEBUG=1",
					"$(inherited)",
				);
				GCC_WARN_64_TO_32_BIT_CONVERSION = YES;
				GCC_WARN_ABOUT_RETURN_TYPE = YES_ERROR;
				GCC_WARN_UNDECLARED_SELECTOR = YES;
				GCC_WARN_UNINITIALIZED_AUTOS = YES_AGGRESSIVE;
				GCC_WARN_UNUSED_FUNCTION = YES;
				GCC_WARN_UNUSED_VARIABLE = YES;
				IPHONEOS_DEPLOYMENT_TARGET = 14.4;
				MTL_ENABLE_DEBUG_INFO = INCLUDE_SOURCE;
				MTL_FAST_MATH = YES;
				ONLY_ACTIVE_ARCH = YES;
				SDKROOT = iphoneos;
				SWIFT_ACTIVE_COMPILATION_CONDITIONS = DEBUG;
				SWIFT_OPTIMIZATION_LEVEL = "-Onone";
			};
			name = Debug;
		};
		B9A2317326A5B1830078E143 /* Release */ = {
			isa = XCBuildConfiguration;
			buildSettings = {
				ALWAYS_SEARCH_USER_PATHS = NO;
				CLANG_ANALYZER_NONNULL = YES;
				CLANG_ANALYZER_NUMBER_OBJECT_CONVERSION = YES_AGGRESSIVE;
				CLANG_CXX_LANGUAGE_STANDARD = "gnu++14";
				CLANG_CXX_LIBRARY = "libc++";
				CLANG_ENABLE_MODULES = YES;
				CLANG_ENABLE_OBJC_ARC = YES;
				CLANG_ENABLE_OBJC_WEAK = YES;
				CLANG_WARN_BLOCK_CAPTURE_AUTORELEASING = YES;
				CLANG_WARN_BOOL_CONVERSION = YES;
				CLANG_WARN_COMMA = YES;
				CLANG_WARN_CONSTANT_CONVERSION = YES;
				CLANG_WARN_DEPRECATED_OBJC_IMPLEMENTATIONS = YES;
				CLANG_WARN_DIRECT_OBJC_ISA_USAGE = YES_ERROR;
				CLANG_WARN_DOCUMENTATION_COMMENTS = YES;
				CLANG_WARN_EMPTY_BODY = YES;
				CLANG_WARN_ENUM_CONVERSION = YES;
				CLANG_WARN_INFINITE_RECURSION = YES;
				CLANG_WARN_INT_CONVERSION = YES;
				CLANG_WARN_NON_LITERAL_NULL_CONVERSION = YES;
				CLANG_WARN_OBJC_IMPLICIT_RETAIN_SELF = YES;
				CLANG_WARN_OBJC_LITERAL_CONVERSION = YES;
				CLANG_WARN_OBJC_ROOT_CLASS = YES_ERROR;
				CLANG_WARN_QUOTED_INCLUDE_IN_FRAMEWORK_HEADER = YES;
				CLANG_WARN_RANGE_LOOP_ANALYSIS = YES;
				CLANG_WARN_STRICT_PROTOTYPES = YES;
				CLANG_WARN_SUSPICIOUS_MOVE = YES;
				CLANG_WARN_UNGUARDED_AVAILABILITY = YES_AGGRESSIVE;
				CLANG_WARN_UNREACHABLE_CODE = YES;
				CLANG_WARN__DUPLICATE_METHOD_MATCH = YES;
				COPY_PHASE_STRIP = NO;
				DEBUG_INFORMATION_FORMAT = "dwarf-with-dsym";
				ENABLE_NS_ASSERTIONS = NO;
				ENABLE_STRICT_OBJC_MSGSEND = YES;
				GCC_C_LANGUAGE_STANDARD = gnu11;
				GCC_NO_COMMON_BLOCKS = YES;
				GCC_WARN_64_TO_32_BIT_CONVERSION = YES;
				GCC_WARN_ABOUT_RETURN_TYPE = YES_ERROR;
				GCC_WARN_UNDECLARED_SELECTOR = YES;
				GCC_WARN_UNINITIALIZED_AUTOS = YES_AGGRESSIVE;
				GCC_WARN_UNUSED_FUNCTION = YES;
				GCC_WARN_UNUSED_VARIABLE = YES;
				IPHONEOS_DEPLOYMENT_TARGET = 14.4;
				MTL_ENABLE_DEBUG_INFO = NO;
				MTL_FAST_MATH = YES;
				SDKROOT = iphoneos;
				SWIFT_COMPILATION_MODE = wholemodule;
				SWIFT_OPTIMIZATION_LEVEL = "-O";
				VALIDATE_PRODUCT = YES;
			};
			name = Release;
		};
		B9A2317526A5B1830078E143 /* Debug */ = {
			isa = XCBuildConfiguration;
			buildSettings = {
				ASSETCATALOG_COMPILER_APPICON_NAME = AppIcon;
				ASSETCATALOG_COMPILER_GLOBAL_ACCENT_COLOR_NAME = AccentColor;
				CODE_SIGN_STYLE = Automatic;
				DEVELOPMENT_ASSET_PATHS = "\"SmartNetDemo/Preview Content\"";
				DEVELOPMENT_TEAM = BTMR9V3S6L;
				ENABLE_PREVIEWS = YES;
				INFOPLIST_FILE = SmartNetDemo/Info.plist;
				IPHONEOS_DEPLOYMENT_TARGET = 13.1;
				LD_RUNPATH_SEARCH_PATHS = (
					"$(inherited)",
					"@executable_path/Frameworks",
				);
				PRODUCT_BUNDLE_IDENTIFIER = valerio.SmartNetDemo;
				PRODUCT_NAME = "$(TARGET_NAME)";
				SWIFT_VERSION = 5.0;
				TARGETED_DEVICE_FAMILY = "1,2";
			};
			name = Debug;
		};
		B9A2317626A5B1830078E143 /* Release */ = {
			isa = XCBuildConfiguration;
			buildSettings = {
				ASSETCATALOG_COMPILER_APPICON_NAME = AppIcon;
				ASSETCATALOG_COMPILER_GLOBAL_ACCENT_COLOR_NAME = AccentColor;
				CODE_SIGN_STYLE = Automatic;
				DEVELOPMENT_ASSET_PATHS = "\"SmartNetDemo/Preview Content\"";
				DEVELOPMENT_TEAM = BTMR9V3S6L;
				ENABLE_PREVIEWS = YES;
				INFOPLIST_FILE = SmartNetDemo/Info.plist;
				IPHONEOS_DEPLOYMENT_TARGET = 13.1;
				LD_RUNPATH_SEARCH_PATHS = (
					"$(inherited)",
					"@executable_path/Frameworks",
				);
				PRODUCT_BUNDLE_IDENTIFIER = valerio.SmartNetDemo;
				PRODUCT_NAME = "$(TARGET_NAME)";
				SWIFT_VERSION = 5.0;
				TARGETED_DEVICE_FAMILY = "1,2";
			};
			name = Release;
		};
/* End XCBuildConfiguration section */

/* Begin XCConfigurationList section */
		B90F88212825051F00818CF7 /* Build configuration list for PBXNativeTarget "SmartNetDemoMacOs" */ = {
			isa = XCConfigurationList;
			buildConfigurations = (
				B90F881F2825051F00818CF7 /* Debug */,
				B90F88202825051F00818CF7 /* Release */,
			);
			defaultConfigurationIsVisible = 0;
			defaultConfigurationName = Release;
		};
		B9A2315B26A5B1820078E143 /* Build configuration list for PBXProject "SmartNetDemo" */ = {
			isa = XCConfigurationList;
			buildConfigurations = (
				B9A2317226A5B1830078E143 /* Debug */,
				B9A2317326A5B1830078E143 /* Release */,
			);
			defaultConfigurationIsVisible = 0;
			defaultConfigurationName = Release;
		};
		B9A2317426A5B1830078E143 /* Build configuration list for PBXNativeTarget "SmartNetDemo" */ = {
			isa = XCConfigurationList;
			buildConfigurations = (
				B9A2317526A5B1830078E143 /* Debug */,
				B9A2317626A5B1830078E143 /* Release */,
			);
			defaultConfigurationIsVisible = 0;
			defaultConfigurationName = Release;
		};
/* End XCConfigurationList section */

/* Begin XCSwiftPackageProductDependency section */
		B93E925F26DEC57A0096A6B4 /* SmartNet */ = {
			isa = XCSwiftPackageProductDependency;
			productName = SmartNet;
		};
/* End XCSwiftPackageProductDependency section */
	};
	rootObject = B9A2315826A5B1820078E143 /* Project object */;
}
