// !$*UTF8*$!
{
	archiveVersion = 1;
	classes = {
	};
	objectVersion = 50;
	objects = {

/* Begin PBXBuildFile section */
		B925AA5526A61EC7006312D5 /* EasyNetworking.framework in Frameworks */ = {isa = PBXBuildFile; fileRef = B925AA5426A61EC7006312D5 /* EasyNetworking.framework */; };
		B925AA5626A61EC7006312D5 /* EasyNetworking.framework in Embed Frameworks */ = {isa = PBXBuildFile; fileRef = B925AA5426A61EC7006312D5 /* EasyNetworking.framework */; settings = {ATTRIBUTES = (CodeSignOnCopy, RemoveHeadersOnCopy, ); }; };
		B9A2316426A5B1820078E143 /* AppDelegate.swift in Sources */ = {isa = PBXBuildFile; fileRef = B9A2316326A5B1820078E143 /* AppDelegate.swift */; };
		B9A2316626A5B1820078E143 /* SceneDelegate.swift in Sources */ = {isa = PBXBuildFile; fileRef = B9A2316526A5B1820078E143 /* SceneDelegate.swift */; };
		B9A2316826A5B1820078E143 /* ContentView.swift in Sources */ = {isa = PBXBuildFile; fileRef = B9A2316726A5B1820078E143 /* ContentView.swift */; };
		B9A2316A26A5B1830078E143 /* Assets.xcassets in Resources */ = {isa = PBXBuildFile; fileRef = B9A2316926A5B1830078E143 /* Assets.xcassets */; };
		B9A2316D26A5B1830078E143 /* Preview Assets.xcassets in Resources */ = {isa = PBXBuildFile; fileRef = B9A2316C26A5B1830078E143 /* Preview Assets.xcassets */; };
		B9A2317026A5B1830078E143 /* LaunchScreen.storyboard in Resources */ = {isa = PBXBuildFile; fileRef = B9A2316E26A5B1830078E143 /* LaunchScreen.storyboard */; };
/* End PBXBuildFile section */

/* Begin PBXCopyFilesBuildPhase section */
		B925AA5726A61EC7006312D5 /* Embed Frameworks */ = {
			isa = PBXCopyFilesBuildPhase;
			buildActionMask = 2147483647;
			dstPath = "";
			dstSubfolderSpec = 10;
			files = (
				B925AA5626A61EC7006312D5 /* EasyNetworking.framework in Embed Frameworks */,
			);
			name = "Embed Frameworks";
			runOnlyForDeploymentPostprocessing = 0;
		};
/* End PBXCopyFilesBuildPhase section */

/* Begin PBXFileReference section */
		B925AA5426A61EC7006312D5 /* EasyNetworking.framework */ = {isa = PBXFileReference; explicitFileType = wrapper.framework; path = EasyNetworking.framework; sourceTree = BUILT_PRODUCTS_DIR; };
		B9A2316026A5B1820078E143 /* EasyNetworkingDemo.app */ = {isa = PBXFileReference; explicitFileType = wrapper.application; includeInIndex = 0; path = EasyNetworkingDemo.app; sourceTree = BUILT_PRODUCTS_DIR; };
		B9A2316326A5B1820078E143 /* AppDelegate.swift */ = {isa = PBXFileReference; lastKnownFileType = sourcecode.swift; path = AppDelegate.swift; sourceTree = "<group>"; };
		B9A2316526A5B1820078E143 /* SceneDelegate.swift */ = {isa = PBXFileReference; lastKnownFileType = sourcecode.swift; path = SceneDelegate.swift; sourceTree = "<group>"; };
		B9A2316726A5B1820078E143 /* ContentView.swift */ = {isa = PBXFileReference; lastKnownFileType = sourcecode.swift; path = ContentView.swift; sourceTree = "<group>"; };
		B9A2316926A5B1830078E143 /* Assets.xcassets */ = {isa = PBXFileReference; lastKnownFileType = folder.assetcatalog; path = Assets.xcassets; sourceTree = "<group>"; };
		B9A2316C26A5B1830078E143 /* Preview Assets.xcassets */ = {isa = PBXFileReference; lastKnownFileType = folder.assetcatalog; path = "Preview Assets.xcassets"; sourceTree = "<group>"; };
		B9A2316F26A5B1830078E143 /* Base */ = {isa = PBXFileReference; lastKnownFileType = file.storyboard; name = Base; path = Base.lproj/LaunchScreen.storyboard; sourceTree = "<group>"; };
		B9A2317126A5B1830078E143 /* Info.plist */ = {isa = PBXFileReference; lastKnownFileType = text.plist.xml; path = Info.plist; sourceTree = "<group>"; };
/* End PBXFileReference section */

/* Begin PBXFrameworksBuildPhase section */
		B9A2315D26A5B1820078E143 /* Frameworks */ = {
			isa = PBXFrameworksBuildPhase;
			buildActionMask = 2147483647;
			files = (
				B925AA5526A61EC7006312D5 /* EasyNetworking.framework in Frameworks */,
			);
			runOnlyForDeploymentPostprocessing = 0;
		};
/* End PBXFrameworksBuildPhase section */

/* Begin PBXGroup section */
		B925AA5326A61EC7006312D5 /* Frameworks */ = {
			isa = PBXGroup;
			children = (
				B925AA5426A61EC7006312D5 /* EasyNetworking.framework */,
			);
			name = Frameworks;
			sourceTree = "<group>";
		};
		B9A2315726A5B1820078E143 = {
			isa = PBXGroup;
			children = (
				B9A2316226A5B1820078E143 /* EasyNetworkingDemo */,
				B9A2316126A5B1820078E143 /* Products */,
				B925AA5326A61EC7006312D5 /* Frameworks */,
			);
			sourceTree = "<group>";
		};
		B9A2316126A5B1820078E143 /* Products */ = {
			isa = PBXGroup;
			children = (
				B9A2316026A5B1820078E143 /* EasyNetworkingDemo.app */,
			);
			name = Products;
			sourceTree = "<group>";
		};
		B9A2316226A5B1820078E143 /* EasyNetworkingDemo */ = {
			isa = PBXGroup;
			children = (
				B9A2316326A5B1820078E143 /* AppDelegate.swift */,
				B9A2316526A5B1820078E143 /* SceneDelegate.swift */,
				B9A2316726A5B1820078E143 /* ContentView.swift */,
				B9A2316926A5B1830078E143 /* Assets.xcassets */,
				B9A2316E26A5B1830078E143 /* LaunchScreen.storyboard */,
				B9A2317126A5B1830078E143 /* Info.plist */,
				B9A2316B26A5B1830078E143 /* Preview Content */,
			);
			path = EasyNetworkingDemo;
			sourceTree = "<group>";
		};
		B9A2316B26A5B1830078E143 /* Preview Content */ = {
			isa = PBXGroup;
			children = (
				B9A2316C26A5B1830078E143 /* Preview Assets.xcassets */,
			);
			path = "Preview Content";
			sourceTree = "<group>";
		};
/* End PBXGroup section */

/* Begin PBXNativeTarget section */
		B9A2315F26A5B1820078E143 /* EasyNetworkingDemo */ = {
			isa = PBXNativeTarget;
			buildConfigurationList = B9A2317426A5B1830078E143 /* Build configuration list for PBXNativeTarget "EasyNetworkingDemo" */;
			buildPhases = (
				B9A2315C26A5B1820078E143 /* Sources */,
				B9A2315D26A5B1820078E143 /* Frameworks */,
				B9A2315E26A5B1820078E143 /* Resources */,
				B925AA5726A61EC7006312D5 /* Embed Frameworks */,
			);
			buildRules = (
			);
			dependencies = (
			);
			name = EasyNetworkingDemo;
			productName = EasyNetworkingDemo;
			productReference = B9A2316026A5B1820078E143 /* EasyNetworkingDemo.app */;
			productType = "com.apple.product-type.application";
		};
/* End PBXNativeTarget section */

/* Begin PBXProject section */
		B9A2315826A5B1820078E143 /* Project object */ = {
			isa = PBXProject;
			attributes = {
				LastSwiftUpdateCheck = 1240;
				LastUpgradeCheck = 1240;
				TargetAttributes = {
					B9A2315F26A5B1820078E143 = {
						CreatedOnToolsVersion = 12.4;
					};
				};
			};
			buildConfigurationList = B9A2315B26A5B1820078E143 /* Build configuration list for PBXProject "EasyNetworkingDemo" */;
			compatibilityVersion = "Xcode 9.3";
			developmentRegion = en;
			hasScannedForEncodings = 0;
			knownRegions = (
				en,
				Base,
			);
			mainGroup = B9A2315726A5B1820078E143;
			productRefGroup = B9A2316126A5B1820078E143 /* Products */;
			projectDirPath = "";
			projectRoot = "";
			targets = (
				B9A2315F26A5B1820078E143 /* EasyNetworkingDemo */,
			);
		};
/* End PBXProject section */

/* Begin PBXResourcesBuildPhase section */
		B9A2315E26A5B1820078E143 /* Resources */ = {
			isa = PBXResourcesBuildPhase;
			buildActionMask = 2147483647;
			files = (
				B9A2317026A5B1830078E143 /* LaunchScreen.storyboard in Resources */,
				B9A2316D26A5B1830078E143 /* Preview Assets.xcassets in Resources */,
				B9A2316A26A5B1830078E143 /* Assets.xcassets in Resources */,
			);
			runOnlyForDeploymentPostprocessing = 0;
		};
/* End PBXResourcesBuildPhase section */

/* Begin PBXSourcesBuildPhase section */
		B9A2315C26A5B1820078E143 /* Sources */ = {
			isa = PBXSourcesBuildPhase;
			buildActionMask = 2147483647;
			files = (
				B9A2316426A5B1820078E143 /* AppDelegate.swift in Sources */,
				B9A2316626A5B1820078E143 /* SceneDelegate.swift in Sources */,
				B9A2316826A5B1820078E143 /* ContentView.swift in Sources */,
			);
			runOnlyForDeploymentPostprocessing = 0;
		};
/* End PBXSourcesBuildPhase section */

/* Begin PBXVariantGroup section */
		B9A2316E26A5B1830078E143 /* LaunchScreen.storyboard */ = {
			isa = PBXVariantGroup;
			children = (
				B9A2316F26A5B1830078E143 /* Base */,
			);
			name = LaunchScreen.storyboard;
			sourceTree = "<group>";
		};
/* End PBXVariantGroup section */

/* Begin XCBuildConfiguration section */
		B9A2317226A5B1830078E143 /* Debug */ = {
			isa = XCBuildConfiguration;
			buildSettings = {
				ALWAYS_SEARCH_USER_PATHS = NO;
				CLANG_ANALYZER_NONNULL = YES;
				CLANG_ANALYZER_NUMBER_OBJECT_CONVERSION = YES_AGGRESSIVE;
				CLANG_CXX_LANGUAGE_STANDARD = "gnu++14";
				CLANG_CXX_LIBRARY = "libc++";
				CLANG_ENABLE_MODULES = YES;
				CLANG_ENABLE_OBJC_ARC = YES;
				CLANG_ENABLE_OBJC_WEAK = YES;
				CLANG_WARN_BLOCK_CAPTURE_AUTORELEASING = YES;
				CLANG_WARN_BOOL_CONVERSION = YES;
				CLANG_WARN_COMMA = YES;
				CLANG_WARN_CONSTANT_CONVERSION = YES;
				CLANG_WARN_DEPRECATED_OBJC_IMPLEMENTATIONS = YES;
				CLANG_WARN_DIRECT_OBJC_ISA_USAGE = YES_ERROR;
				CLANG_WARN_DOCUMENTATION_COMMENTS = YES;
				CLANG_WARN_EMPTY_BODY = YES;
				CLANG_WARN_ENUM_CONVERSION = YES;
				CLANG_WARN_INFINITE_RECURSION = YES;
				CLANG_WARN_INT_CONVERSION = YES;
				CLANG_WARN_NON_LITERAL_NULL_CONVERSION = YES;
				CLANG_WARN_OBJC_IMPLICIT_RETAIN_SELF = YES;
				CLANG_WARN_OBJC_LITERAL_CONVERSION = YES;
				CLANG_WARN_OBJC_ROOT_CLASS = YES_ERROR;
				CLANG_WARN_QUOTED_INCLUDE_IN_FRAMEWORK_HEADER = YES;
				CLANG_WARN_RANGE_LOOP_ANALYSIS = YES;
				CLANG_WARN_STRICT_PROTOTYPES = YES;
				CLANG_WARN_SUSPICIOUS_MOVE = YES;
				CLANG_WARN_UNGUARDED_AVAILABILITY = YES_AGGRESSIVE;
				CLANG_WARN_UNREACHABLE_CODE = YES;
				CLANG_WARN__DUPLICATE_METHOD_MATCH = YES;
				COPY_PHASE_STRIP = NO;
				DEBUG_INFORMATION_FORMAT = dwarf;
				ENABLE_STRICT_OBJC_MSGSEND = YES;
				ENABLE_TESTABILITY = YES;
				GCC_C_LANGUAGE_STANDARD = gnu11;
				GCC_DYNAMIC_NO_PIC = NO;
				GCC_NO_COMMON_BLOCKS = YES;
				GCC_OPTIMIZATION_LEVEL = 0;
				GCC_PREPROCESSOR_DEFINITIONS = (
					"DEBUG=1",
					"$(inherited)",
				);
				GCC_WARN_64_TO_32_BIT_CONVERSION = YES;
				GCC_WARN_ABOUT_RETURN_TYPE = YES_ERROR;
				GCC_WARN_UNDECLARED_SELECTOR = YES;
				GCC_WARN_UNINITIALIZED_AUTOS = YES_AGGRESSIVE;
				GCC_WARN_UNUSED_FUNCTION = YES;
				GCC_WARN_UNUSED_VARIABLE = YES;
				IPHONEOS_DEPLOYMENT_TARGET = 14.4;
				MTL_ENABLE_DEBUG_INFO = INCLUDE_SOURCE;
				MTL_FAST_MATH = YES;
				ONLY_ACTIVE_ARCH = YES;
				SDKROOT = iphoneos;
				SWIFT_ACTIVE_COMPILATION_CONDITIONS = DEBUG;
				SWIFT_OPTIMIZATION_LEVEL = "-Onone";
			};
			name = Debug;
		};
		B9A2317326A5B1830078E143 /* Release */ = {
			isa = XCBuildConfiguration;
			buildSettings = {
				ALWAYS_SEARCH_USER_PATHS = NO;
				CLANG_ANALYZER_NONNULL = YES;
				CLANG_ANALYZER_NUMBER_OBJECT_CONVERSION = YES_AGGRESSIVE;
				CLANG_CXX_LANGUAGE_STANDARD = "gnu++14";
				CLANG_CXX_LIBRARY = "libc++";
				CLANG_ENABLE_MODULES = YES;
				CLANG_ENABLE_OBJC_ARC = YES;
				CLANG_ENABLE_OBJC_WEAK = YES;
				CLANG_WARN_BLOCK_CAPTURE_AUTORELEASING = YES;
				CLANG_WARN_BOOL_CONVERSION = YES;
				CLANG_WARN_COMMA = YES;
				CLANG_WARN_CONSTANT_CONVERSION = YES;
				CLANG_WARN_DEPRECATED_OBJC_IMPLEMENTATIONS = YES;
				CLANG_WARN_DIRECT_OBJC_ISA_USAGE = YES_ERROR;
				CLANG_WARN_DOCUMENTATION_COMMENTS = YES;
				CLANG_WARN_EMPTY_BODY = YES;
				CLANG_WARN_ENUM_CONVERSION = YES;
				CLANG_WARN_INFINITE_RECURSION = YES;
				CLANG_WARN_INT_CONVERSION = YES;
				CLANG_WARN_NON_LITERAL_NULL_CONVERSION = YES;
				CLANG_WARN_OBJC_IMPLICIT_RETAIN_SELF = YES;
				CLANG_WARN_OBJC_LITERAL_CONVERSION = YES;
				CLANG_WARN_OBJC_ROOT_CLASS = YES_ERROR;
				CLANG_WARN_QUOTED_INCLUDE_IN_FRAMEWORK_HEADER = YES;
				CLANG_WARN_RANGE_LOOP_ANALYSIS = YES;
				CLANG_WARN_STRICT_PROTOTYPES = YES;
				CLANG_WARN_SUSPICIOUS_MOVE = YES;
				CLANG_WARN_UNGUARDED_AVAILABILITY = YES_AGGRESSIVE;
				CLANG_WARN_UNREACHABLE_CODE = YES;
				CLANG_WARN__DUPLICATE_METHOD_MATCH = YES;
				COPY_PHASE_STRIP = NO;
				DEBUG_INFORMATION_FORMAT = "dwarf-with-dsym";
				ENABLE_NS_ASSERTIONS = NO;
				ENABLE_STRICT_OBJC_MSGSEND = YES;
				GCC_C_LANGUAGE_STANDARD = gnu11;
				GCC_NO_COMMON_BLOCKS = YES;
				GCC_WARN_64_TO_32_BIT_CONVERSION = YES;
				GCC_WARN_ABOUT_RETURN_TYPE = YES_ERROR;
				GCC_WARN_UNDECLARED_SELECTOR = YES;
				GCC_WARN_UNINITIALIZED_AUTOS = YES_AGGRESSIVE;
				GCC_WARN_UNUSED_FUNCTION = YES;
				GCC_WARN_UNUSED_VARIABLE = YES;
				IPHONEOS_DEPLOYMENT_TARGET = 14.4;
				MTL_ENABLE_DEBUG_INFO = NO;
				MTL_FAST_MATH = YES;
				SDKROOT = iphoneos;
				SWIFT_COMPILATION_MODE = wholemodule;
				SWIFT_OPTIMIZATION_LEVEL = "-O";
				VALIDATE_PRODUCT = YES;
			};
			name = Release;
		};
		B9A2317526A5B1830078E143 /* Debug */ = {
			isa = XCBuildConfiguration;
			buildSettings = {
				ASSETCATALOG_COMPILER_APPICON_NAME = AppIcon;
				ASSETCATALOG_COMPILER_GLOBAL_ACCENT_COLOR_NAME = AccentColor;
				CODE_SIGN_STYLE = Automatic;
				DEVELOPMENT_ASSET_PATHS = "\"EasyNetworkingDemo/Preview Content\"";
				DEVELOPMENT_TEAM = BTMR9V3S6L;
				ENABLE_PREVIEWS = YES;
				INFOPLIST_FILE = EasyNetworkingDemo/Info.plist;
				LD_RUNPATH_SEARCH_PATHS = (
					"$(inherited)",
					"@executable_path/Frameworks",
				);
				PRODUCT_BUNDLE_IDENTIFIER = valerio.EasyNetworkingDemo;
				PRODUCT_NAME = "$(TARGET_NAME)";
				SWIFT_VERSION = 5.0;
				TARGETED_DEVICE_FAMILY = "1,2";
			};
			name = Debug;
		};
		B9A2317626A5B1830078E143 /* Release */ = {
			isa = XCBuildConfiguration;
			buildSettings = {
				ASSETCATALOG_COMPILER_APPICON_NAME = AppIcon;
				ASSETCATALOG_COMPILER_GLOBAL_ACCENT_COLOR_NAME = AccentColor;
				CODE_SIGN_STYLE = Automatic;
				DEVELOPMENT_ASSET_PATHS = "\"EasyNetworkingDemo/Preview Content\"";
				DEVELOPMENT_TEAM = BTMR9V3S6L;
				ENABLE_PREVIEWS = YES;
				INFOPLIST_FILE = EasyNetworkingDemo/Info.plist;
				LD_RUNPATH_SEARCH_PATHS = (
					"$(inherited)",
					"@executable_path/Frameworks",
				);
				PRODUCT_BUNDLE_IDENTIFIER = valerio.EasyNetworkingDemo;
				PRODUCT_NAME = "$(TARGET_NAME)";
				SWIFT_VERSION = 5.0;
				TARGETED_DEVICE_FAMILY = "1,2";
			};
			name = Release;
		};
/* End XCBuildConfiguration section */

/* Begin XCConfigurationList section */
		B9A2315B26A5B1820078E143 /* Build configuration list for PBXProject "EasyNetworkingDemo" */ = {
			isa = XCConfigurationList;
			buildConfigurations = (
				B9A2317226A5B1830078E143 /* Debug */,
				B9A2317326A5B1830078E143 /* Release */,
			);
			defaultConfigurationIsVisible = 0;
			defaultConfigurationName = Release;
		};
		B9A2317426A5B1830078E143 /* Build configuration list for PBXNativeTarget "EasyNetworkingDemo" */ = {
			isa = XCConfigurationList;
			buildConfigurations = (
				B9A2317526A5B1830078E143 /* Debug */,
				B9A2317626A5B1830078E143 /* Release */,
			);
			defaultConfigurationIsVisible = 0;
			defaultConfigurationName = Release;
		};
/* End XCConfigurationList section */
	};
	rootObject = B9A2315826A5B1820078E143 /* Project object */;
}
